
Microsoft Visual Studio Solution File, Format Version 12.00
# Visual Studio Version 17
VisualStudioVersion = 17.1.32421.90
MinimumVisualStudioVersion = 10.0.40219.1
Project("{9A19103F-16F7-4668-BE54-9A1E7A4F7556}") = "BeatStoreBackend", "BeatStoreBackend\BeatStoreBackend.csproj", "{8F0A7949-FAEF-421E-A604-8FBC03951550}"
EndProject
Project("{9A19103F-16F7-4668-BE54-9A1E7A4F7556}") = "Entities", "Entities\Entities.csproj", "{D610F49A-49C1-4815-ABD8-C1F661774197}"
EndProject
Project("{FAE04EC0-301F-11D3-BF4B-00C04F79EFBC}") = "Contracts", "Contracts\Contracts.csproj", "{611093B5-8E6C-4660-AADD-76C5A0A0E761}"
EndProject
Project("{FAE04EC0-301F-11D3-BF4B-00C04F79EFBC}") = "Repositories", "Repositories\Repositories.csproj", "{51FC1C35-E466-4D02-9E35-5E993BA590A2}"
EndProject
Global
	GlobalSection(SolutionConfigurationPlatforms) = preSolution
		Debug|Any CPU = Debug|Any CPU
		Release|Any CPU = Release|Any CPU
	EndGlobalSection
	GlobalSection(ProjectConfigurationPlatforms) = postSolution
		{8F0A7949-FAEF-421E-A604-8FBC03951550}.Debug|Any CPU.ActiveCfg = Debug|Any CPU
		{8F0A7949-FAEF-421E-A604-8FBC03951550}.Debug|Any CPU.Build.0 = Debug|Any CPU
		{8F0A7949-FAEF-421E-A604-8FBC03951550}.Release|Any CPU.ActiveCfg = Release|Any CPU
		{8F0A7949-FAEF-421E-A604-8FBC03951550}.Release|Any CPU.Build.0 = Release|Any CPU
		{D610F49A-49C1-4815-ABD8-C1F661774197}.Debug|Any CPU.ActiveCfg = Debug|Any CPU
		{D610F49A-49C1-4815-ABD8-C1F661774197}.Debug|Any CPU.Build.0 = Debug|Any CPU
		{D610F49A-49C1-4815-ABD8-C1F661774197}.Release|Any CPU.ActiveCfg = Release|Any CPU
		{D610F49A-49C1-4815-ABD8-C1F661774197}.Release|Any CPU.Build.0 = Release|Any CPU
		{611093B5-8E6C-4660-AADD-76C5A0A0E761}.Debug|Any CPU.ActiveCfg = Debug|Any CPU
		{611093B5-8E6C-4660-AADD-76C5A0A0E761}.Debug|Any CPU.Build.0 = Debug|Any CPU
		{611093B5-8E6C-4660-AADD-76C5A0A0E761}.Release|Any CPU.ActiveCfg = Release|Any CPU
		{611093B5-8E6C-4660-AADD-76C5A0A0E761}.Release|Any CPU.Build.0 = Release|Any CPU
		{51FC1C35-E466-4D02-9E35-5E993BA590A2}.Debug|Any CPU.ActiveCfg = Debug|Any CPU
		{51FC1C35-E466-4D02-9E35-5E993BA590A2}.Debug|Any CPU.Build.0 = Debug|Any CPU
		{51FC1C35-E466-4D02-9E35-5E993BA590A2}.Release|Any CPU.ActiveCfg = Release|Any CPU
		{51FC1C35-E466-4D02-9E35-5E993BA590A2}.Release|Any CPU.Build.0 = Release|Any CPU
	EndGlobalSection
	GlobalSection(SolutionProperties) = preSolution
		HideSolutionNode = FALSE
	EndGlobalSection
	GlobalSection(ExtensibilityGlobals) = postSolution
		SolutionGuid = {B88BA591-A8F3-4A78-B3CD-7A6347AB09FB}
	EndGlobalSection
EndGlobal
